
Microsoft Visual Studio Solution File, Format Version 12.00
# Visual Studio 15
VisualStudioVersion = 15.0.28010.2041
MinimumVisualStudioVersion = 10.0.40219.1
Project("{8BC9CEB8-8B4A-11D0-8D11-00A0C91BC942}") = "Unit Converter", "Unit Converter\Unit Converter.vcxproj", "{524808DD-26E8-4E88-A9A5-2F1084823E0D}"
EndProject
Global
	GlobalSection(SolutionConfigurationPlatforms) = preSolution
		Debug|x64 = Debug|x64
		Debug|x86 = Debug|x86
		Release|x64 = Release|x64
		Release|x86 = Release|x86
	EndGlobalSection
	GlobalSection(ProjectConfigurationPlatforms) = postSolution
		{524808DD-26E8-4E88-A9A5-2F1084823E0D}.Debug|x64.ActiveCfg = Debug|x64
		{524808DD-26E8-4E88-A9A5-2F1084823E0D}.Debug|x64.Build.0 = Debug|x64
		{524808DD-26E8-4E88-A9A5-2F1084823E0D}.Debug|x86.ActiveCfg = Debug|Win32
		{524808DD-26E8-4E88-A9A5-2F1084823E0D}.Debug|x86.Build.0 = Debug|Win32
		{524808DD-26E8-4E88-A9A5-2F1084823E0D}.Release|x64.ActiveCfg = Release|x64
		{524808DD-26E8-4E88-A9A5-2F1084823E0D}.Release|x64.Build.0 = Release|x64
		{524808DD-26E8-4E88-A9A5-2F1084823E0D}.Release|x86.ActiveCfg = Release|Win32
		{524808DD-26E8-4E88-A9A5-2F1084823E0D}.Release|x86.Build.0 = Release|Win32
	EndGlobalSection
	GlobalSection(SolutionProperties) = preSolution
		HideSolutionNode = FALSE
	EndGlobalSection
	GlobalSection(ExtensibilityGlobals) = postSolution
		SolutionGuid = {7BF9A22D-88CB-4718-A8B9-921D64292FF1}
	EndGlobalSection
EndGlobal
